
Microsoft Visual Studio Solution File, Format Version 12.00
# Visual Studio Version 17
VisualStudioVersion = 17.7.34018.315
MinimumVisualStudioVersion = 10.0.40219.1
Project("{FAE04EC0-301F-11D3-BF4B-00C04F79EFBC}") = "Uni3-Triangle", "Uni3-Triangle\Uni3-Triangle.csproj", "{A876D7DC-7557-4424-9F93-96B3FEB98D1C}"
EndProject
Global
	GlobalSection(SolutionConfigurationPlatforms) = preSolution
		Debug|Any CPU = Debug|Any CPU
		Release|Any CPU = Release|Any CPU
	EndGlobalSection
	GlobalSection(ProjectConfigurationPlatforms) = postSolution
		{A876D7DC-7557-4424-9F93-96B3FEB98D1C}.Debug|Any CPU.ActiveCfg = Debug|Any CPU
		{A876D7DC-7557-4424-9F93-96B3FEB98D1C}.Debug|Any CPU.Build.0 = Debug|Any CPU
		{A876D7DC-7557-4424-9F93-96B3FEB98D1C}.Release|Any CPU.ActiveCfg = Release|Any CPU
		{A876D7DC-7557-4424-9F93-96B3FEB98D1C}.Release|Any CPU.Build.0 = Release|Any CPU
	EndGlobalSection
	GlobalSection(SolutionProperties) = preSolution
		HideSolutionNode = FALSE
	EndGlobalSection
	GlobalSection(ExtensibilityGlobals) = postSolution
		SolutionGuid = {4C27B178-0C4B-404F-A74C-201C8DAEDC48}
	EndGlobalSection
EndGlobal
